
Microsoft Visual Studio Solution File, Format Version 12.00
# Visual Studio Version 16
VisualStudioVersion = 16.0.30406.217
MinimumVisualStudioVersion = 10.0.40219.1
Project("{9A19103F-16F7-4668-BE54-9A1E7A4F7556}") = "HueScreenAmbience", "HueScreenAmbience\HueScreenAmbience.csproj", "{37281E69-9542-454C-B17A-1E91C86D2C67}"
EndProject
Project("{9A19103F-16F7-4668-BE54-9A1E7A4F7556}") = "BitmapZoneProcessor", "BitmapZoneProcessor\BitmapZoneProcessor.csproj", "{DDEF947A-2DCB-4515-8A6E-4A3A218A3195}"
EndProject
Project("{9A19103F-16F7-4668-BE54-9A1E7A4F7556}") = "VideoFrameProcessor", "VideoFrameProcessor\VideoFrameProcessor.csproj", "{BDDB6574-E189-479D-A2D7-B02E9550F775}"
EndProject
Project("{9A19103F-16F7-4668-BE54-9A1E7A4F7556}") = "LightStripClient", "LightStripClient\LightStripClient.csproj", "{9C808201-4A7C-4BFD-8CEE-9AE3E083DE0D}"
EndProject
Project("{9A19103F-16F7-4668-BE54-9A1E7A4F7556}") = "LightStripCalculator", "LightStripCalculator\LightStripCalculator.csproj", "{53F529FB-A669-441F-9C6E-B50D1961E68B}"
EndProject
Project("{9A19103F-16F7-4668-BE54-9A1E7A4F7556}") = "WebControlClient.Server", "WebControlClient\Server\WebControlClient.Server.csproj", "{4581FAE5-89D2-4342-B131-35E193BB9312}"
EndProject
Project("{9A19103F-16F7-4668-BE54-9A1E7A4F7556}") = "WebControlClient.Client", "WebControlClient\Client\WebControlClient.Client.csproj", "{D361D7F5-57EA-4981-ACC2-1CC4C7CA7F3B}"
EndProject
Project("{9A19103F-16F7-4668-BE54-9A1E7A4F7556}") = "WebControlClient.Shared", "WebControlClient\Shared\WebControlClient.Shared.csproj", "{3A9FB31D-9722-47FB-9F4D-86D34D4FB918}"
EndProject
Project("{9A19103F-16F7-4668-BE54-9A1E7A4F7556}") = "Iot.Device.Bindings", "Iot.Device.Bindings\Iot.Device.Bindings.csproj", "{4126F0BA-8C70-4C1B-8E94-5BB18D1151EE}"
EndProject
Project("{9A19103F-16F7-4668-BE54-9A1E7A4F7556}") = "LightsShared", "LightsShared\LightsShared.csproj", "{F6382746-A155-447A-BB72-2BDF24A3DB9D}"
EndProject
Project("{2150E333-8FDC-42A3-9474-1A3956D46DE8}") = "Solution Items", "Solution Items", "{2AA72D1B-AAC4-4C36-9845-7B18CB4E9E20}"
	ProjectSection(SolutionItems) = preProject
		.editorconfig = .editorconfig
	EndProjectSection
EndProject
Global
	GlobalSection(SolutionConfigurationPlatforms) = preSolution
		Debug|ARM = Debug|ARM
		Debug|x64 = Debug|x64
		Release|ARM = Release|ARM
		Release|x64 = Release|x64
	EndGlobalSection
	GlobalSection(ProjectConfigurationPlatforms) = postSolution
		{37281E69-9542-454C-B17A-1E91C86D2C67}.Debug|ARM.ActiveCfg = Debug|Any CPU
		{37281E69-9542-454C-B17A-1E91C86D2C67}.Debug|ARM.Build.0 = Debug|Any CPU
		{37281E69-9542-454C-B17A-1E91C86D2C67}.Debug|x64.ActiveCfg = Debug|x64
		{37281E69-9542-454C-B17A-1E91C86D2C67}.Debug|x64.Build.0 = Debug|x64
		{37281E69-9542-454C-B17A-1E91C86D2C67}.Release|ARM.ActiveCfg = Release|Any CPU
		{37281E69-9542-454C-B17A-1E91C86D2C67}.Release|ARM.Build.0 = Release|Any CPU
		{37281E69-9542-454C-B17A-1E91C86D2C67}.Release|x64.ActiveCfg = Release|x64
		{37281E69-9542-454C-B17A-1E91C86D2C67}.Release|x64.Build.0 = Release|x64
		{DDEF947A-2DCB-4515-8A6E-4A3A218A3195}.Debug|ARM.ActiveCfg = Debug|Any CPU
		{DDEF947A-2DCB-4515-8A6E-4A3A218A3195}.Debug|ARM.Build.0 = Debug|Any CPU
		{DDEF947A-2DCB-4515-8A6E-4A3A218A3195}.Debug|x64.ActiveCfg = Debug|x64
		{DDEF947A-2DCB-4515-8A6E-4A3A218A3195}.Debug|x64.Build.0 = Debug|x64
		{DDEF947A-2DCB-4515-8A6E-4A3A218A3195}.Release|ARM.ActiveCfg = Release|Any CPU
		{DDEF947A-2DCB-4515-8A6E-4A3A218A3195}.Release|ARM.Build.0 = Release|Any CPU
		{DDEF947A-2DCB-4515-8A6E-4A3A218A3195}.Release|x64.ActiveCfg = Release|x64
		{DDEF947A-2DCB-4515-8A6E-4A3A218A3195}.Release|x64.Build.0 = Release|x64
		{BDDB6574-E189-479D-A2D7-B02E9550F775}.Debug|ARM.ActiveCfg = Debug|x64
		{BDDB6574-E189-479D-A2D7-B02E9550F775}.Debug|x64.ActiveCfg = Debug|x64
		{BDDB6574-E189-479D-A2D7-B02E9550F775}.Debug|x64.Build.0 = Debug|x64
		{BDDB6574-E189-479D-A2D7-B02E9550F775}.Release|ARM.ActiveCfg = Release|x64
		{BDDB6574-E189-479D-A2D7-B02E9550F775}.Release|x64.ActiveCfg = Release|x64
		{BDDB6574-E189-479D-A2D7-B02E9550F775}.Release|x64.Build.0 = Release|x64
		{9C808201-4A7C-4BFD-8CEE-9AE3E083DE0D}.Debug|ARM.ActiveCfg = Debug|Any CPU
		{9C808201-4A7C-4BFD-8CEE-9AE3E083DE0D}.Debug|ARM.Build.0 = Debug|Any CPU
		{9C808201-4A7C-4BFD-8CEE-9AE3E083DE0D}.Debug|x64.ActiveCfg = Debug|Any CPU
		{9C808201-4A7C-4BFD-8CEE-9AE3E083DE0D}.Release|ARM.ActiveCfg = Release|Any CPU
		{9C808201-4A7C-4BFD-8CEE-9AE3E083DE0D}.Release|ARM.Build.0 = Release|Any CPU
		{9C808201-4A7C-4BFD-8CEE-9AE3E083DE0D}.Release|x64.ActiveCfg = Release|Any CPU
		{53F529FB-A669-441F-9C6E-B50D1961E68B}.Debug|ARM.ActiveCfg = Debug|x64
		{53F529FB-A669-441F-9C6E-B50D1961E68B}.Debug|x64.ActiveCfg = Debug|x64
		{53F529FB-A669-441F-9C6E-B50D1961E68B}.Debug|x64.Build.0 = Debug|x64
		{53F529FB-A669-441F-9C6E-B50D1961E68B}.Release|ARM.ActiveCfg = Release|x64
		{53F529FB-A669-441F-9C6E-B50D1961E68B}.Release|x64.ActiveCfg = Release|x64
		{53F529FB-A669-441F-9C6E-B50D1961E68B}.Release|x64.Build.0 = Release|x64
		{4581FAE5-89D2-4342-B131-35E193BB9312}.Debug|ARM.ActiveCfg = Debug|Any CPU
		{4581FAE5-89D2-4342-B131-35E193BB9312}.Debug|ARM.Build.0 = Debug|Any CPU
		{4581FAE5-89D2-4342-B131-35E193BB9312}.Debug|x64.ActiveCfg = Debug|Any CPU
		{4581FAE5-89D2-4342-B131-35E193BB9312}.Debug|x64.Build.0 = Debug|Any CPU
		{4581FAE5-89D2-4342-B131-35E193BB9312}.Release|ARM.ActiveCfg = Release|Any CPU
		{4581FAE5-89D2-4342-B131-35E193BB9312}.Release|ARM.Build.0 = Release|Any CPU
		{4581FAE5-89D2-4342-B131-35E193BB9312}.Release|x64.ActiveCfg = Release|Any CPU
		{4581FAE5-89D2-4342-B131-35E193BB9312}.Release|x64.Build.0 = Release|Any CPU
		{D361D7F5-57EA-4981-ACC2-1CC4C7CA7F3B}.Debug|ARM.ActiveCfg = Debug|Any CPU
		{D361D7F5-57EA-4981-ACC2-1CC4C7CA7F3B}.Debug|ARM.Build.0 = Debug|Any CPU
		{D361D7F5-57EA-4981-ACC2-1CC4C7CA7F3B}.Debug|x64.ActiveCfg = Debug|Any CPU
		{D361D7F5-57EA-4981-ACC2-1CC4C7CA7F3B}.Debug|x64.Build.0 = Debug|Any CPU
		{D361D7F5-57EA-4981-ACC2-1CC4C7CA7F3B}.Release|ARM.ActiveCfg = Release|Any CPU
		{D361D7F5-57EA-4981-ACC2-1CC4C7CA7F3B}.Release|ARM.Build.0 = Release|Any CPU
		{D361D7F5-57EA-4981-ACC2-1CC4C7CA7F3B}.Release|x64.ActiveCfg = Release|Any CPU
		{D361D7F5-57EA-4981-ACC2-1CC4C7CA7F3B}.Release|x64.Build.0 = Release|Any CPU
		{3A9FB31D-9722-47FB-9F4D-86D34D4FB918}.Debug|ARM.ActiveCfg = Debug|Any CPU
		{3A9FB31D-9722-47FB-9F4D-86D34D4FB918}.Debug|ARM.Build.0 = Debug|Any CPU
		{3A9FB31D-9722-47FB-9F4D-86D34D4FB918}.Debug|x64.ActiveCfg = Debug|Any CPU
		{3A9FB31D-9722-47FB-9F4D-86D34D4FB918}.Debug|x64.Build.0 = Debug|Any CPU
		{3A9FB31D-9722-47FB-9F4D-86D34D4FB918}.Release|ARM.ActiveCfg = Release|Any CPU
		{3A9FB31D-9722-47FB-9F4D-86D34D4FB918}.Release|ARM.Build.0 = Release|Any CPU
		{3A9FB31D-9722-47FB-9F4D-86D34D4FB918}.Release|x64.ActiveCfg = Release|Any CPU
		{3A9FB31D-9722-47FB-9F4D-86D34D4FB918}.Release|x64.Build.0 = Release|Any CPU
		{4126F0BA-8C70-4C1B-8E94-5BB18D1151EE}.Debug|ARM.ActiveCfg = Debug|Any CPU
		{4126F0BA-8C70-4C1B-8E94-5BB18D1151EE}.Debug|ARM.Build.0 = Debug|Any CPU
		{4126F0BA-8C70-4C1B-8E94-5BB18D1151EE}.Debug|x64.ActiveCfg = Debug|Any CPU
		{4126F0BA-8C70-4C1B-8E94-5BB18D1151EE}.Debug|x64.Build.0 = Debug|Any CPU
		{4126F0BA-8C70-4C1B-8E94-5BB18D1151EE}.Release|ARM.ActiveCfg = Release|Any CPU
		{4126F0BA-8C70-4C1B-8E94-5BB18D1151EE}.Release|ARM.Build.0 = Release|Any CPU
		{4126F0BA-8C70-4C1B-8E94-5BB18D1151EE}.Release|x64.ActiveCfg = Release|x64
		{4126F0BA-8C70-4C1B-8E94-5BB18D1151EE}.Release|x64.Build.0 = Release|x64
		{F6382746-A155-447A-BB72-2BDF24A3DB9D}.Debug|ARM.ActiveCfg = Debug|Any CPU
		{F6382746-A155-447A-BB72-2BDF24A3DB9D}.Debug|ARM.Build.0 = Debug|Any CPU
		{F6382746-A155-447A-BB72-2BDF24A3DB9D}.Debug|x64.ActiveCfg = Debug|Any CPU
		{F6382746-A155-447A-BB72-2BDF24A3DB9D}.Debug|x64.Build.0 = Debug|Any CPU
		{F6382746-A155-447A-BB72-2BDF24A3DB9D}.Release|ARM.ActiveCfg = Release|Any CPU
		{F6382746-A155-447A-BB72-2BDF24A3DB9D}.Release|ARM.Build.0 = Release|Any CPU
		{F6382746-A155-447A-BB72-2BDF24A3DB9D}.Release|x64.ActiveCfg = Release|x64
		{F6382746-A155-447A-BB72-2BDF24A3DB9D}.Release|x64.Build.0 = Release|x64
	EndGlobalSection
	GlobalSection(SolutionProperties) = preSolution
		HideSolutionNode = FALSE
	EndGlobalSection
	GlobalSection(ExtensibilityGlobals) = postSolution
		SolutionGuid = {734C5D0F-D81E-4266-A8CB-AE9F71CBC8E6}
	EndGlobalSection
EndGlobal
