
Microsoft Visual Studio Solution File, Format Version 12.00
# Visual Studio Version 16
VisualStudioVersion = 16.0.30406.217
MinimumVisualStudioVersion = 10.0.40219.1
Project("{9A19103F-16F7-4668-BE54-9A1E7A4F7556}") = "HueScreenAmbience", "HueScreenAmbience\HueScreenAmbience.csproj", "{37281E69-9542-454C-B17A-1E91C86D2C67}"
EndProject
Project("{9A19103F-16F7-4668-BE54-9A1E7A4F7556}") = "BitmapZoneProcessor", "BitmapZoneProcessor\BitmapZoneProcessor.csproj", "{DDEF947A-2DCB-4515-8A6E-4A3A218A3195}"
EndProject
Project("{9A19103F-16F7-4668-BE54-9A1E7A4F7556}") = "VideoFrameProcessor", "VideoFrameProcessor\VideoFrameProcessor.csproj", "{BDDB6574-E189-479D-A2D7-B02E9550F775}"
EndProject
Project("{FAE04EC0-301F-11D3-BF4B-00C04F79EFBC}") = "LightStripClient", "LightStripClient\LightStripClient.csproj", "{9C808201-4A7C-4BFD-8CEE-9AE3E083DE0D}"
EndProject
Global
	GlobalSection(SolutionConfigurationPlatforms) = preSolution
		Debug|Multi CPU = Debug|Multi CPU
		Release|Multi CPU = Release|Multi CPU
	EndGlobalSection
	GlobalSection(ProjectConfigurationPlatforms) = postSolution
		{37281E69-9542-454C-B17A-1E91C86D2C67}.Debug|Multi CPU.ActiveCfg = Debug|x64
		{37281E69-9542-454C-B17A-1E91C86D2C67}.Debug|Multi CPU.Build.0 = Debug|x64
		{37281E69-9542-454C-B17A-1E91C86D2C67}.Release|Multi CPU.ActiveCfg = Release|x64
		{37281E69-9542-454C-B17A-1E91C86D2C67}.Release|Multi CPU.Build.0 = Release|x64
		{DDEF947A-2DCB-4515-8A6E-4A3A218A3195}.Debug|Multi CPU.ActiveCfg = Debug|x64
		{DDEF947A-2DCB-4515-8A6E-4A3A218A3195}.Debug|Multi CPU.Build.0 = Debug|x64
		{DDEF947A-2DCB-4515-8A6E-4A3A218A3195}.Release|Multi CPU.ActiveCfg = Release|x64
		{DDEF947A-2DCB-4515-8A6E-4A3A218A3195}.Release|Multi CPU.Build.0 = Release|x64
		{BDDB6574-E189-479D-A2D7-B02E9550F775}.Debug|Multi CPU.ActiveCfg = Debug|x64
		{BDDB6574-E189-479D-A2D7-B02E9550F775}.Debug|Multi CPU.Build.0 = Debug|x64
		{BDDB6574-E189-479D-A2D7-B02E9550F775}.Release|Multi CPU.ActiveCfg = Release|x64
		{BDDB6574-E189-479D-A2D7-B02E9550F775}.Release|Multi CPU.Build.0 = Release|x64
		{9C808201-4A7C-4BFD-8CEE-9AE3E083DE0D}.Debug|Multi CPU.ActiveCfg = Debug|Any CPU
		{9C808201-4A7C-4BFD-8CEE-9AE3E083DE0D}.Debug|Multi CPU.Build.0 = Debug|Any CPU
		{9C808201-4A7C-4BFD-8CEE-9AE3E083DE0D}.Release|Multi CPU.ActiveCfg = Release|Any CPU
		{9C808201-4A7C-4BFD-8CEE-9AE3E083DE0D}.Release|Multi CPU.Build.0 = Release|Any CPU
	EndGlobalSection
	GlobalSection(SolutionProperties) = preSolution
		HideSolutionNode = FALSE
	EndGlobalSection
	GlobalSection(ExtensibilityGlobals) = postSolution
		SolutionGuid = {734C5D0F-D81E-4266-A8CB-AE9F71CBC8E6}
	EndGlobalSection
EndGlobal
