
Microsoft Visual Studio Solution File, Format Version 12.00
# Visual Studio Version 16
VisualStudioVersion = 16.0.30406.217
MinimumVisualStudioVersion = 10.0.40219.1
Project("{9A19103F-16F7-4668-BE54-9A1E7A4F7556}") = "HueScreenAmbience", "HueScreenAmbience\HueScreenAmbience.csproj", "{37281E69-9542-454C-B17A-1E91C86D2C67}"
EndProject
Global
	GlobalSection(SolutionConfigurationPlatforms) = preSolution
		Debug|Any CPU = Debug|Any CPU
		Release|Any CPU = Release|Any CPU
	EndGlobalSection
	GlobalSection(ProjectConfigurationPlatforms) = postSolution
		{37281E69-9542-454C-B17A-1E91C86D2C67}.Debug|Any CPU.ActiveCfg = Debug|Any CPU
		{37281E69-9542-454C-B17A-1E91C86D2C67}.Debug|Any CPU.Build.0 = Debug|Any CPU
		{37281E69-9542-454C-B17A-1E91C86D2C67}.Release|Any CPU.ActiveCfg = Release|Any CPU
		{37281E69-9542-454C-B17A-1E91C86D2C67}.Release|Any CPU.Build.0 = Release|Any CPU
	EndGlobalSection
	GlobalSection(SolutionProperties) = preSolution
		HideSolutionNode = FALSE
	EndGlobalSection
	GlobalSection(ExtensibilityGlobals) = postSolution
		SolutionGuid = {734C5D0F-D81E-4266-A8CB-AE9F71CBC8E6}
	EndGlobalSection
EndGlobal
